
Microsoft Visual Studio Solution File, Format Version 12.00
# Visual Studio Version 16
VisualStudioVersion = 16.0.29709.97
MinimumVisualStudioVersion = 10.0.40219.1
Project("{FAE04EC0-301F-11D3-BF4B-00C04F79EFBC}") = "Umbra", "Umbra\Umbra.csproj", "{13C812E9-0D42-4B95-8646-40EEBF30636F}"
	ProjectSection(ProjectDependencies) = postProject
		{d6f5ae81-8c52-4de1-9b17-1b253dc5b569} = {d6f5ae81-8c52-4de1-9b17-1b253dc5b569}
		{56bda3dd-7770-4412-93e7-79ff05559e36} = {56bda3dd-7770-4412-93e7-79ff05559e36}
		{c3154267-fc9d-4522-872d-f7f89b3731fc} = {c3154267-fc9d-4522-872d-f7f89b3731fc}
		{a11cec40-08e7-4731-a3c0-8d009371e398} = {a11cec40-08e7-4731-a3c0-8d009371e398}
	EndProjectSection
EndProject
Project("{26495231-AF23-4AA0-95E5-42833EAC1DB2}") = "Umbra.Common", "Umbra.Common\Umbra.Common.csproj", "{56BDA3DD-7770-4412-93E7-79FF05559E36}"
EndProject
Project("{D76AB56E-9F51-46F4-948E-5FB870539F81}") = "Umbra.Game", "Umbra.Game\Umbra.Game.csproj", "{C3154267-FC9D-4522-872D-F7F89B3731FC}"
EndProject
Project("{C13C141B-D0DB-4EFC-91A7-E6850F6212BA}") = "Umbra.Interface", "Umbra.Interface\Umbra.Interface.csproj", "{A11CEC40-08E7-4731-A3C0-8D009371E398}"
EndProject

Global
	GlobalSection(SolutionConfigurationPlatforms) = preSolution
		Debug|x64 = Debug|x64
		Release|x64 = Release|x64
	EndGlobalSection
	GlobalSection(ProjectConfigurationPlatforms) = postSolution
		{13C812E9-0D42-4B95-8646-40EEBF30636F}.Debug|x64.ActiveCfg = Debug|x64
		{13C812E9-0D42-4B95-8646-40EEBF30636F}.Debug|x64.Build.0 = Debug|x64
		{13C812E9-0D42-4B95-8646-40EEBF30636F}.Release|x64.ActiveCfg = Release|x64
		{13C812E9-0D42-4B95-8646-40EEBF30636F}.Release|x64.Build.0 = Release|x64
		{56bda3dd-7770-4412-93e7-79ff05559e36}.Debug|x64.ActiveCfg = Debug|x64
		{56bda3dd-7770-4412-93e7-79ff05559e36}.Debug|x64.Build.0 = Debug|x64
		{56bda3dd-7770-4412-93e7-79ff05559e36}.Release|x64.ActiveCfg = Release|x64
		{56bda3dd-7770-4412-93e7-79ff05559e36}.Release|x64.Build.0 = Release|x64
		{c3154267-fc9d-4522-872d-f7f89b3731fc}.Debug|x64.ActiveCfg = Debug|x64
		{c3154267-fc9d-4522-872d-f7f89b3731fc}.Debug|x64.Build.0 = Debug|x64
		{c3154267-fc9d-4522-872d-f7f89b3731fc}.Release|x64.ActiveCfg = Release|x64
		{c3154267-fc9d-4522-872d-f7f89b3731fc}.Release|x64.Build.0 = Release|x64
		{a11cec40-08e7-4731-a3c0-8d009371e398}.Debug|x64.ActiveCfg = Debug|x64
		{a11cec40-08e7-4731-a3c0-8d009371e398}.Debug|x64.Build.0 = Debug|x64
		{a11cec40-08e7-4731-a3c0-8d009371e398}.Release|x64.ActiveCfg = Release|x64
		{a11cec40-08e7-4731-a3c0-8d009371e398}.Release|x64.Build.0 = Release|x64
	EndGlobalSection
	GlobalSection(SolutionProperties) = preSolution
		HideSolutionNode = FALSE
	EndGlobalSection
	GlobalSection(ExtensibilityGlobals) = postSolution
		SolutionGuid = {B17E85B1-5F60-4440-9F9A-3DDE877E8CDF}
	EndGlobalSection
EndGlobal
