Microsoft Visual Studio Solution File, Format Version 12.00
# Visual Studio Version 17
VisualStudioVersion = 17.9.34902.65
MinimumVisualStudioVersion = 10.0.40219.1
Project("{9A19103F-16F7-4668-BE54-9A1E7A4F7556}") = "Umbra", "Umbra\Umbra.csproj", "{13C812E9-0D42-4B95-8646-40EEBF30636F}"
	ProjectSection(ProjectDependencies) = postProject
		{56BDA3DD-7770-4412-93E7-79FF05559E36} = {56BDA3DD-7770-4412-93E7-79FF05559E36}
		{C3154267-FC9D-4522-872D-F7F89B3731FC} = {C3154267-FC9D-4522-872D-F7F89B3731FC}
		{A11CEC40-08E7-4731-A3C0-8D009371E399} = {A11CEC40-08E7-4731-A3C0-8D009371E399}
	EndProjectSection
EndProject
Project("{9A19103F-16F7-4668-BE54-9A1E7A4F7556}") = "Umbra.Common", "Umbra.Common\Umbra.Common.csproj", "{56BDA3DD-7770-4412-93E7-79FF05559E36}"
EndProject
Project("{9A19103F-16F7-4668-BE54-9A1E7A4F7556}") = "Umbra.Game", "Umbra.Game\Umbra.Game.csproj", "{C3154267-FC9D-4522-872D-F7F89B3731FC}"
EndProject
Project("{9A19103F-16F7-4668-BE54-9A1E7A4F7556}") = "Una.Drawing", "drawing\Una.Drawing\Una.Drawing.csproj", "{A11CEC40-08E7-4731-A3C0-8D009371E399}"
EndProject
Global
	GlobalSection(SolutionConfigurationPlatforms) = preSolution
		Debug|x64 = Debug|x64
		Release|x64 = Release|x64
	EndGlobalSection
	GlobalSection(ProjectConfigurationPlatforms) = postSolution
		{13C812E9-0D42-4B95-8646-40EEBF30636F}.Debug|x64.ActiveCfg = Debug|x64
		{13C812E9-0D42-4B95-8646-40EEBF30636F}.Debug|x64.Build.0 = Debug|x64
		{13C812E9-0D42-4B95-8646-40EEBF30636F}.Release|x64.ActiveCfg = Release|x64
		{13C812E9-0D42-4B95-8646-40EEBF30636F}.Release|x64.Build.0 = Release|x64
		{56BDA3DD-7770-4412-93E7-79FF05559E36}.Debug|x64.ActiveCfg = Debug|x64
		{56BDA3DD-7770-4412-93E7-79FF05559E36}.Debug|x64.Build.0 = Debug|x64
		{56BDA3DD-7770-4412-93E7-79FF05559E36}.Release|x64.ActiveCfg = Release|x64
		{56BDA3DD-7770-4412-93E7-79FF05559E36}.Release|x64.Build.0 = Release|x64
		{C3154267-FC9D-4522-872D-F7F89B3731FC}.Debug|x64.ActiveCfg = Debug|x64
		{C3154267-FC9D-4522-872D-F7F89B3731FC}.Debug|x64.Build.0 = Debug|x64
		{C3154267-FC9D-4522-872D-F7F89B3731FC}.Release|x64.ActiveCfg = Release|x64
		{C3154267-FC9D-4522-872D-F7F89B3731FC}.Release|x64.Build.0 = Release|x64
		{A11CEC40-08E7-4731-A3C0-8D009371E399}.Debug|x64.ActiveCfg = Debug|x64
		{A11CEC40-08E7-4731-A3C0-8D009371E399}.Debug|x64.Build.0 = Debug|x64
		{A11CEC40-08E7-4731-A3C0-8D009371E399}.Release|x64.ActiveCfg = Release|x64
		{A11CEC40-08E7-4731-A3C0-8D009371E399}.Release|x64.Build.0 = Release|x64
	EndGlobalSection
	GlobalSection(SolutionProperties) = preSolution
		HideSolutionNode = FALSE
	EndGlobalSection
	GlobalSection(ExtensibilityGlobals) = postSolution
		SolutionGuid = {B17E85B1-5F60-4440-9F9A-3DDE877E8CDF}
	EndGlobalSection
EndGlobal
