{
  "version": 1,
  "dependencies": {
    "net9.0-windows7.0": {
      "DotNet.ReproducibleBuilds": {
        "type": "Direct",
        "requested": "[1.2.25, )",
        "resolved": "1.2.25",
        "contentHash": "xCXiw7BCxHJ8pF6wPepRUddlh2dlQlbr81gXA72hdk4FLHkKXas7EH/n+fk5UCA/YfMqG1Z6XaPiUjDbUNBUzg=="
      },
      "Microsoft.Extensions.ObjectPool": {
        "type": "Direct",
        "requested": "[9.0.0, )",
        "resolved": "9.0.0",
        "contentHash": "UbsU/gYe4nv1DeqMXIVzDfNNek7Sk2kKuAOXL/Y+sLcAR0HwFUqzg1EPiU88jeHNe0g81aPvvHbvHarQr3r9IA=="
      },
      "umbra.common": {
        "type": "Project",
        "dependencies": {
          "Microsoft.Extensions.ObjectPool": "[9.0.0, )"
        }
      }
    }
  }
}