{
  "version": 1,
  "dependencies": {
    "net8.0-windows7.0": {
      "DalamudPackager": {
        "type": "Direct",
        "requested": "[11.0.0, )",
        "resolved": "11.0.0",
        "contentHash": "bjT7XUlhIJSmsE/O76b7weUX+evvGQctbQB8aKXt94o+oPWxHpCepxAGMs7Thow3AzCyqWs7cOpp9/2wcgRRQA=="
      },
      "Microsoft.Extensions.ObjectPool": {
        "type": "Transitive",
        "resolved": "9.0.0",
        "contentHash": "UbsU/gYe4nv1DeqMXIVzDfNNek7Sk2kKuAOXL/Y+sLcAR0HwFUqzg1EPiU88jeHNe0g81aPvvHbvHarQr3r9IA=="
      },
      "SkiaSharp": {
        "type": "Transitive",
        "resolved": "3.118.0-preview.1.2",
        "contentHash": "0ee/n3BGXKjwPGPr4/uOtoAsUWHUrqMnyyJrdxB5NCZ1VjuJA5u++CtY5W0zziBhzpmb8llws+Vgop1KNv9zsQ==",
        "dependencies": {
          "SkiaSharp.NativeAssets.Win32": "3.118.0-preview.1.2",
          "SkiaSharp.NativeAssets.macOS": "3.118.0-preview.1.2"
        }
      },
      "SkiaSharp.NativeAssets.macOS": {
        "type": "Transitive",
        "resolved": "3.118.0-preview.1.2",
        "contentHash": "08uDbkHlSe0NhMmVn9V+KenxiGWU79KONBE3nd+gPh6IwXMSQbWS/j5Di3Gg5vVKDxI8n+m3igBDqQy4ngW9IA=="
      },
      "SkiaSharp.NativeAssets.Win32": {
        "type": "Transitive",
        "resolved": "3.118.0-preview.1.2",
        "contentHash": "pjcuvrYCJ74gPdz+W327JcwJKyy5QVXOfVXxAKnih+n1d8b6A0m41LNqlOMhUzfbpl4TDnqB19KraMWZqiaVjg=="
      },
      "umbra.common": {
        "type": "Project"
      },
      "umbra.game": {
        "type": "Project",
        "dependencies": {
          "Microsoft.Extensions.ObjectPool": "[9.0.0, )",
          "Umbra.Common": "[1.0.0, )"
        }
      },
      "una.drawing": {
        "type": "Project",
        "dependencies": {
          "SkiaSharp": "[3.118.0-preview.1.2, )"
        }
      }
    }
  }
}