{
  "version": 1,
  "dependencies": {
    "net9.0-windows7.0": {
      "DalamudPackager": {
        "type": "Direct",
        "requested": "[12.0.0, )",
        "resolved": "12.0.0",
        "contentHash": "J5TJLV3f16T/E2H2P17ClWjtfEBPpq3yxvqW46eN36JCm6wR+EaoaYkqG9Rm5sHqs3/nK/vKjWWyvEs/jhKoXw=="
      },
      "DotNet.ReproducibleBuilds": {
        "type": "Direct",
        "requested": "[1.2.25, )",
        "resolved": "1.2.25",
        "contentHash": "xCXiw7BCxHJ8pF6wPepRUddlh2dlQlbr81gXA72hdk4FLHkKXas7EH/n+fk5UCA/YfMqG1Z6XaPiUjDbUNBUzg=="
      },
      "System.Reflection.MetadataLoadContext": {
        "type": "Direct",
        "requested": "[10.0.0-preview.3.25171.5, )",
        "resolved": "10.0.0-preview.3.25171.5",
        "contentHash": "vM35z+hAZL51D7nWd112neCi4rswtLIFzRTrxHrGrxipO+dIj7ewxzptlCJ8XmABEbHYdyw7cma0Zc7TqulIbg==",
        "dependencies": {
          "System.Collections.Immutable": "10.0.0-preview.3.25171.5",
          "System.Reflection.Metadata": "10.0.0-preview.3.25171.5"
        }
      },
      "SkiaSharp": {
        "type": "Transitive",
        "resolved": "3.118.0-preview.1.2",
        "contentHash": "0ee/n3BGXKjwPGPr4/uOtoAsUWHUrqMnyyJrdxB5NCZ1VjuJA5u++CtY5W0zziBhzpmb8llws+Vgop1KNv9zsQ==",
        "dependencies": {
          "SkiaSharp.NativeAssets.Win32": "3.118.0-preview.1.2",
          "SkiaSharp.NativeAssets.macOS": "3.118.0-preview.1.2"
        }
      },
      "SkiaSharp.NativeAssets.macOS": {
        "type": "Transitive",
        "resolved": "3.118.0-preview.1.2",
        "contentHash": "08uDbkHlSe0NhMmVn9V+KenxiGWU79KONBE3nd+gPh6IwXMSQbWS/j5Di3Gg5vVKDxI8n+m3igBDqQy4ngW9IA=="
      },
      "SkiaSharp.NativeAssets.Win32": {
        "type": "Transitive",
        "resolved": "3.118.0-preview.1.2",
        "contentHash": "pjcuvrYCJ74gPdz+W327JcwJKyy5QVXOfVXxAKnih+n1d8b6A0m41LNqlOMhUzfbpl4TDnqB19KraMWZqiaVjg=="
      },
      "System.Collections.Immutable": {
        "type": "Transitive",
        "resolved": "10.0.0-preview.3.25171.5",
        "contentHash": "7EVfTaDkWy2g0uHIAtOzylYwb/T/khQEPUMfgqTxviPjH+9Aqm/Qnrf+nzLzGdgfV8o3UXFgI7iJUM4ZHxH2hQ=="
      },
      "System.Reflection.Metadata": {
        "type": "Transitive",
        "resolved": "10.0.0-preview.3.25171.5",
        "contentHash": "+vmMtMSXPQTYqaHoLgWcd39Pwb7yGD4sCewmvVrdNzziRCBxjf6/DK8XCWzELxNsLhOmViZ4LIIr+uPa6K5pRw==",
        "dependencies": {
          "System.Collections.Immutable": "10.0.0-preview.3.25171.5"
        }
      },
      "umbra.common": {
        "type": "Project"
      },
      "umbra.game": {
        "type": "Project",
        "dependencies": {
          "Umbra.Common": "[1.0.0, )"
        }
      },
      "una.drawing": {
        "type": "Project",
        "dependencies": {
          "SkiaSharp": "[3.118.0-preview.1.2, )"
        }
      }
    }
  }
}